
Microsoft Visual Studio Solution File, Format Version 12.00
# Visual Studio 14
VisualStudioVersion = 14.0.22823.1
MinimumVisualStudioVersion = 10.0.40219.1
Project("{8BC9CEB8-8B4A-11D0-8D11-00A0C91BC942}") = "p2.3", "p2.3\p2.3.vcxproj", "{3E7E9884-04FD-4FCE-8183-AD90D9C3A531}"
EndProject
Global
	GlobalSection(SolutionConfigurationPlatforms) = preSolution
		Debug|x86 = Debug|x86
		Release|x86 = Release|x86
	EndGlobalSection
	GlobalSection(ProjectConfigurationPlatforms) = postSolution
		{3E7E9884-04FD-4FCE-8183-AD90D9C3A531}.Debug|x86.ActiveCfg = Debug|Win32
		{3E7E9884-04FD-4FCE-8183-AD90D9C3A531}.Debug|x86.Build.0 = Debug|Win32
		{3E7E9884-04FD-4FCE-8183-AD90D9C3A531}.Release|x86.ActiveCfg = Release|Win32
		{3E7E9884-04FD-4FCE-8183-AD90D9C3A531}.Release|x86.Build.0 = Release|Win32
	EndGlobalSection
	GlobalSection(SolutionProperties) = preSolution
		HideSolutionNode = FALSE
	EndGlobalSection
EndGlobal
